
Microsoft Visual Studio Solution File, Format Version 12.00
# Visual Studio 2012
Project("{2150E333-8FDC-42A3-9474-1A3956D46DE8}") = "Installs", "Installs", "{F6560B64-884B-4DE8-98D7-F2F2FEBB6B9D}"
EndProject
Project("{2150E333-8FDC-42A3-9474-1A3956D46DE8}") = "Files", "Files", "{E1990692-8620-4A91-8E10-8075633F04B7}"
	ProjectSection(SolutionItems) = preProject
		build.bat = build.bat
		tools\copyright.txt = tools\copyright.txt
		README = README
	EndProjectSection
EndProject
Project("{2150E333-8FDC-42A3-9474-1A3956D46DE8}") = "AssemblyInfo", "AssemblyInfo", "{7FA263D1-FC5D-4560-8339-599BA2F8957A}"
	ProjectSection(SolutionItems) = preProject
		src\AssemblyInfo\JiraSVNAssemblyInfo.cs = src\AssemblyInfo\JiraSVNAssemblyInfo.cs
	EndProjectSection
EndProject
Project("{FAE04EC0-301F-11D3-BF4B-00C04F79EFBC}") = "JiraSVN.Common", "src\JiraSVN.Common\JiraSVN.Common.csproj", "{702EC31A-EAB5-4159-B9AC-24815F179550}"
EndProject
Project("{FAE04EC0-301F-11D3-BF4B-00C04F79EFBC}") = "JiraSVN.Jira", "src\JiraSVN.Jira\JiraSVN.Jira.csproj", "{73680B86-524B-4296-90CE-740B2486D279}"
EndProject
Project("{FAE04EC0-301F-11D3-BF4B-00C04F79EFBC}") = "JiraSVN.Plugin", "src\JiraSVN.Plugin\JiraSVN.Plugin.csproj", "{CFF6CAA1-27A0-46FF-89D6-AD70F3575685}"
EndProject
Project("{FAE04EC0-301F-11D3-BF4B-00C04F79EFBC}") = "JiraSVN.Editor", "src\JiraSVN.Editor\JiraSVN.Editor.csproj", "{9208F806-D81A-4C53-8805-49827FD399E2}"
EndProject
Project("{930C7802-8A8C-48F9-8165-68863BCCD9DD}") = "SvnPluginInstall", "install\SvnPluginInstall.wixproj", "{E2EBDF5D-87B7-46B3-AFF6-81B07915B415}"
	ProjectSection(ProjectDependencies) = postProject
		{9208F806-D81A-4C53-8805-49827FD399E2} = {9208F806-D81A-4C53-8805-49827FD399E2}
		{702EC31A-EAB5-4159-B9AC-24815F179550} = {702EC31A-EAB5-4159-B9AC-24815F179550}
		{73680B86-524B-4296-90CE-740B2486D279} = {73680B86-524B-4296-90CE-740B2486D279}
		{CFF6CAA1-27A0-46FF-89D6-AD70F3575685} = {CFF6CAA1-27A0-46FF-89D6-AD70F3575685}
	EndProjectSection
EndProject
Global
	GlobalSection(SolutionConfigurationPlatforms) = preSolution
		Debug|Any CPU = Debug|Any CPU
		Debug|x64 = Debug|x64
		Debug|x86 = Debug|x86
		Release|Any CPU = Release|Any CPU
		Release|x64 = Release|x64
		Release|x86 = Release|x86
	EndGlobalSection
	GlobalSection(ProjectConfigurationPlatforms) = postSolution
		{702EC31A-EAB5-4159-B9AC-24815F179550}.Debug|Any CPU.ActiveCfg = Debug|Any CPU
		{702EC31A-EAB5-4159-B9AC-24815F179550}.Debug|Any CPU.Build.0 = Debug|Any CPU
		{702EC31A-EAB5-4159-B9AC-24815F179550}.Debug|x64.ActiveCfg = Debug|Any CPU
		{702EC31A-EAB5-4159-B9AC-24815F179550}.Debug|x64.Build.0 = Debug|Any CPU
		{702EC31A-EAB5-4159-B9AC-24815F179550}.Debug|x86.ActiveCfg = Debug|Any CPU
		{702EC31A-EAB5-4159-B9AC-24815F179550}.Debug|x86.Build.0 = Debug|Any CPU
		{702EC31A-EAB5-4159-B9AC-24815F179550}.Release|Any CPU.ActiveCfg = Release|Any CPU
		{702EC31A-EAB5-4159-B9AC-24815F179550}.Release|Any CPU.Build.0 = Release|Any CPU
		{702EC31A-EAB5-4159-B9AC-24815F179550}.Release|x64.ActiveCfg = Release|Any CPU
		{702EC31A-EAB5-4159-B9AC-24815F179550}.Release|x64.Build.0 = Release|Any CPU
		{702EC31A-EAB5-4159-B9AC-24815F179550}.Release|x86.ActiveCfg = Release|Any CPU
		{702EC31A-EAB5-4159-B9AC-24815F179550}.Release|x86.Build.0 = Release|Any CPU
		{73680B86-524B-4296-90CE-740B2486D279}.Debug|Any CPU.ActiveCfg = Debug|Any CPU
		{73680B86-524B-4296-90CE-740B2486D279}.Debug|Any CPU.Build.0 = Debug|Any CPU
		{73680B86-524B-4296-90CE-740B2486D279}.Debug|x64.ActiveCfg = Debug|Any CPU
		{73680B86-524B-4296-90CE-740B2486D279}.Debug|x64.Build.0 = Debug|Any CPU
		{73680B86-524B-4296-90CE-740B2486D279}.Debug|x86.ActiveCfg = Debug|Any CPU
		{73680B86-524B-4296-90CE-740B2486D279}.Debug|x86.Build.0 = Debug|Any CPU
		{73680B86-524B-4296-90CE-740B2486D279}.Release|Any CPU.ActiveCfg = Release|Any CPU
		{73680B86-524B-4296-90CE-740B2486D279}.Release|Any CPU.Build.0 = Release|Any CPU
		{73680B86-524B-4296-90CE-740B2486D279}.Release|x64.ActiveCfg = Release|Any CPU
		{73680B86-524B-4296-90CE-740B2486D279}.Release|x64.Build.0 = Release|Any CPU
		{73680B86-524B-4296-90CE-740B2486D279}.Release|x86.ActiveCfg = Release|Any CPU
		{73680B86-524B-4296-90CE-740B2486D279}.Release|x86.Build.0 = Release|Any CPU
		{CFF6CAA1-27A0-46FF-89D6-AD70F3575685}.Debug|Any CPU.ActiveCfg = Debug|Any CPU
		{CFF6CAA1-27A0-46FF-89D6-AD70F3575685}.Debug|Any CPU.Build.0 = Debug|Any CPU
		{CFF6CAA1-27A0-46FF-89D6-AD70F3575685}.Debug|x64.ActiveCfg = Debug|Any CPU
		{CFF6CAA1-27A0-46FF-89D6-AD70F3575685}.Debug|x64.Build.0 = Debug|Any CPU
		{CFF6CAA1-27A0-46FF-89D6-AD70F3575685}.Debug|x86.ActiveCfg = Debug|Any CPU
		{CFF6CAA1-27A0-46FF-89D6-AD70F3575685}.Debug|x86.Build.0 = Debug|Any CPU
		{CFF6CAA1-27A0-46FF-89D6-AD70F3575685}.Release|Any CPU.ActiveCfg = Release|Any CPU
		{CFF6CAA1-27A0-46FF-89D6-AD70F3575685}.Release|Any CPU.Build.0 = Release|Any CPU
		{CFF6CAA1-27A0-46FF-89D6-AD70F3575685}.Release|x64.ActiveCfg = Release|Any CPU
		{CFF6CAA1-27A0-46FF-89D6-AD70F3575685}.Release|x64.Build.0 = Release|Any CPU
		{CFF6CAA1-27A0-46FF-89D6-AD70F3575685}.Release|x86.ActiveCfg = Release|Any CPU
		{CFF6CAA1-27A0-46FF-89D6-AD70F3575685}.Release|x86.Build.0 = Release|Any CPU
		{9208F806-D81A-4C53-8805-49827FD399E2}.Debug|Any CPU.ActiveCfg = Debug|Any CPU
		{9208F806-D81A-4C53-8805-49827FD399E2}.Debug|Any CPU.Build.0 = Debug|Any CPU
		{9208F806-D81A-4C53-8805-49827FD399E2}.Debug|x64.ActiveCfg = Debug|Any CPU
		{9208F806-D81A-4C53-8805-49827FD399E2}.Debug|x64.Build.0 = Debug|Any CPU
		{9208F806-D81A-4C53-8805-49827FD399E2}.Debug|x86.ActiveCfg = Debug|Any CPU
		{9208F806-D81A-4C53-8805-49827FD399E2}.Debug|x86.Build.0 = Debug|Any CPU
		{9208F806-D81A-4C53-8805-49827FD399E2}.Release|Any CPU.ActiveCfg = Release|Any CPU
		{9208F806-D81A-4C53-8805-49827FD399E2}.Release|Any CPU.Build.0 = Release|Any CPU
		{9208F806-D81A-4C53-8805-49827FD399E2}.Release|x64.ActiveCfg = Release|Any CPU
		{9208F806-D81A-4C53-8805-49827FD399E2}.Release|x64.Build.0 = Release|Any CPU
		{9208F806-D81A-4C53-8805-49827FD399E2}.Release|x86.ActiveCfg = Release|Any CPU
		{9208F806-D81A-4C53-8805-49827FD399E2}.Release|x86.Build.0 = Release|Any CPU
		{E2EBDF5D-87B7-46B3-AFF6-81B07915B415}.Debug|Any CPU.ActiveCfg = Debug|x86
		{E2EBDF5D-87B7-46B3-AFF6-81B07915B415}.Debug|x64.ActiveCfg = Debug|x64
		{E2EBDF5D-87B7-46B3-AFF6-81B07915B415}.Debug|x64.Build.0 = Debug|x64
		{E2EBDF5D-87B7-46B3-AFF6-81B07915B415}.Debug|x86.ActiveCfg = Debug|x86
		{E2EBDF5D-87B7-46B3-AFF6-81B07915B415}.Debug|x86.Build.0 = Debug|x86
		{E2EBDF5D-87B7-46B3-AFF6-81B07915B415}.Release|Any CPU.ActiveCfg = Release|x86
		{E2EBDF5D-87B7-46B3-AFF6-81B07915B415}.Release|x64.ActiveCfg = Release|x64
		{E2EBDF5D-87B7-46B3-AFF6-81B07915B415}.Release|x64.Build.0 = Release|x64
		{E2EBDF5D-87B7-46B3-AFF6-81B07915B415}.Release|x86.ActiveCfg = Release|x86
		{E2EBDF5D-87B7-46B3-AFF6-81B07915B415}.Release|x86.Build.0 = Release|x86
	EndGlobalSection
	GlobalSection(SolutionProperties) = preSolution
		HideSolutionNode = FALSE
	EndGlobalSection
	GlobalSection(NestedProjects) = preSolution
		{E2EBDF5D-87B7-46B3-AFF6-81B07915B415} = {F6560B64-884B-4DE8-98D7-F2F2FEBB6B9D}
	EndGlobalSection
EndGlobal
